// !$*UTF8*$!
{
	archiveVersion = 1;
	classes = {
	};
	objectVersion = 50;
	objects = {

/* Begin PBXBuildFile section */
		5A1E872626C4417D0056A830 /* UINavigationBar+Extension.swift in Sources */ = {isa = PBXBuildFile; fileRef = 5A1E872526C4417C0056A830 /* UINavigationBar+Extension.swift */; };
		5A8BEFBD26BFCD8B00C42C80 /* UIKitExtension.h in Headers */ = {isa = PBXBuildFile; fileRef = 5A8BEFBB26BFCD8B00C42C80 /* UIKitExtension.h */; settings = {ATTRIBUTES = (Public, ); }; };
		5A8BEFC726BFCDEB00C42C80 /* UIViewController+Extension.swift in Sources */ = {isa = PBXBuildFile; fileRef = 5A8BEFC626BFCDEB00C42C80 /* UIViewController+Extension.swift */; };
		5A8BEFD226BFD33800C42C80 /* UIColor+Extension.swift in Sources */ = {isa = PBXBuildFile; fileRef = 5A8BEFD126BFD33800C42C80 /* UIColor+Extension.swift */; };
		5A8BF00126BFDBAF00C42C80 /* UIEdgeInsets+Extension.swift in Sources */ = {isa = PBXBuildFile; fileRef = 5A8BF00026BFDBAF00C42C80 /* UIEdgeInsets+Extension.swift */; };
		5A8BF00326BFDC5300C42C80 /* UIView+Extension.swift in Sources */ = {isa = PBXBuildFile; fileRef = 5A8BF00226BFDC5300C42C80 /* UIView+Extension.swift */; };
		5A8BF00B26BFE14300C42C80 /* IBTapGestureRecognizer.swift in Sources */ = {isa = PBXBuildFile; fileRef = 5A8BF00A26BFE14300C42C80 /* IBTapGestureRecognizer.swift */; };
		5A8BF00D26BFE56600C42C80 /* UIButton+Extension.swift in Sources */ = {isa = PBXBuildFile; fileRef = 5A8BF00C26BFE56600C42C80 /* UIButton+Extension.swift */; };
		5A8BF00F26BFE5F200C42C80 /* IBButton.swift in Sources */ = {isa = PBXBuildFile; fileRef = 5A8BF00E26BFE5F200C42C80 /* IBButton.swift */; };
		5A8BF02626BFED9E00C42C80 /* IBDatePicker.swift in Sources */ = {isa = PBXBuildFile; fileRef = 5A8BF02526BFED9E00C42C80 /* IBDatePicker.swift */; };
		5A8BF02B26BFF2E100C42C80 /* UIImage+Extension.swift in Sources */ = {isa = PBXBuildFile; fileRef = 5A8BF02A26BFF2E000C42C80 /* UIImage+Extension.swift */; };
		5A8BF03C26C0090700C42C80 /* UIViewController+Alert.swift in Sources */ = {isa = PBXBuildFile; fileRef = 5A8BF03B26C0090700C42C80 /* UIViewController+Alert.swift */; };
/* End PBXBuildFile section */

/* Begin PBXFileReference section */
		5A1E872526C4417C0056A830 /* UINavigationBar+Extension.swift */ = {isa = PBXFileReference; lastKnownFileType = sourcecode.swift; path = "UINavigationBar+Extension.swift"; sourceTree = "<group>"; };
		5A8BEFB826BFCD8B00C42C80 /* UIKitExtension.framework */ = {isa = PBXFileReference; explicitFileType = wrapper.framework; includeInIndex = 0; path = UIKitExtension.framework; sourceTree = BUILT_PRODUCTS_DIR; };
		5A8BEFBB26BFCD8B00C42C80 /* UIKitExtension.h */ = {isa = PBXFileReference; lastKnownFileType = sourcecode.c.h; path = UIKitExtension.h; sourceTree = "<group>"; };
		5A8BEFBC26BFCD8B00C42C80 /* Info.plist */ = {isa = PBXFileReference; lastKnownFileType = text.plist.xml; path = Info.plist; sourceTree = "<group>"; };
		5A8BEFC626BFCDEB00C42C80 /* UIViewController+Extension.swift */ = {isa = PBXFileReference; lastKnownFileType = sourcecode.swift; path = "UIViewController+Extension.swift"; sourceTree = "<group>"; };
		5A8BEFD126BFD33800C42C80 /* UIColor+Extension.swift */ = {isa = PBXFileReference; lastKnownFileType = sourcecode.swift; path = "UIColor+Extension.swift"; sourceTree = "<group>"; };
		5A8BF00026BFDBAF00C42C80 /* UIEdgeInsets+Extension.swift */ = {isa = PBXFileReference; lastKnownFileType = sourcecode.swift; path = "UIEdgeInsets+Extension.swift"; sourceTree = "<group>"; };
		5A8BF00226BFDC5300C42C80 /* UIView+Extension.swift */ = {isa = PBXFileReference; lastKnownFileType = sourcecode.swift; path = "UIView+Extension.swift"; sourceTree = "<group>"; };
		5A8BF00A26BFE14300C42C80 /* IBTapGestureRecognizer.swift */ = {isa = PBXFileReference; lastKnownFileType = sourcecode.swift; path = IBTapGestureRecognizer.swift; sourceTree = "<group>"; };
		5A8BF00C26BFE56600C42C80 /* UIButton+Extension.swift */ = {isa = PBXFileReference; lastKnownFileType = sourcecode.swift; path = "UIButton+Extension.swift"; sourceTree = "<group>"; };
		5A8BF00E26BFE5F200C42C80 /* IBButton.swift */ = {isa = PBXFileReference; lastKnownFileType = sourcecode.swift; path = IBButton.swift; sourceTree = "<group>"; };
		5A8BF02526BFED9E00C42C80 /* IBDatePicker.swift */ = {isa = PBXFileReference; lastKnownFileType = sourcecode.swift; path = IBDatePicker.swift; sourceTree = "<group>"; };
		5A8BF02A26BFF2E000C42C80 /* UIImage+Extension.swift */ = {isa = PBXFileReference; lastKnownFileType = sourcecode.swift; path = "UIImage+Extension.swift"; sourceTree = "<group>"; };
		5A8BF03B26C0090700C42C80 /* UIViewController+Alert.swift */ = {isa = PBXFileReference; lastKnownFileType = sourcecode.swift; path = "UIViewController+Alert.swift"; sourceTree = "<group>"; };
/* End PBXFileReference section */

/* Begin PBXFrameworksBuildPhase section */
		5A8BEFB526BFCD8B00C42C80 /* Frameworks */ = {
			isa = PBXFrameworksBuildPhase;
			buildActionMask = 2147483647;
			files = (
			);
			runOnlyForDeploymentPostprocessing = 0;
		};
/* End PBXFrameworksBuildPhase section */

/* Begin PBXGroup section */
		5A8BEFAE26BFCD8B00C42C80 = {
			isa = PBXGroup;
			children = (
				5A8BEFBA26BFCD8B00C42C80 /* UIKitExtension */,
				5A8BEFB926BFCD8B00C42C80 /* Products */,
			);
			sourceTree = "<group>";
		};
		5A8BEFB926BFCD8B00C42C80 /* Products */ = {
			isa = PBXGroup;
			children = (
				5A8BEFB826BFCD8B00C42C80 /* UIKitExtension.framework */,
			);
			name = Products;
			sourceTree = "<group>";
		};
		5A8BEFBA26BFCD8B00C42C80 /* UIKitExtension */ = {
			isa = PBXGroup;
			children = (
				5A8BEFC526BFCDBD00C42C80 /* UIKit */,
				5A8BEFC426BFCDB800C42C80 /* Protocols */,
				5A8BEFC326BFCDB200C42C80 /* BaseClasses */,
				5A8BEFBB26BFCD8B00C42C80 /* UIKitExtension.h */,
				5A8BEFBC26BFCD8B00C42C80 /* Info.plist */,
			);
			path = UIKitExtension;
			sourceTree = "<group>";
		};
		5A8BEFC326BFCDB200C42C80 /* BaseClasses */ = {
			isa = PBXGroup;
			children = (
				5A8BF00A26BFE14300C42C80 /* IBTapGestureRecognizer.swift */,
				5A8BF00E26BFE5F200C42C80 /* IBButton.swift */,
				5A8BF02526BFED9E00C42C80 /* IBDatePicker.swift */,
			);
			path = BaseClasses;
			sourceTree = "<group>";
		};
		5A8BEFC426BFCDB800C42C80 /* Protocols */ = {
			isa = PBXGroup;
			children = (
			);
			path = Protocols;
			sourceTree = "<group>";
		};
		5A8BEFC526BFCDBD00C42C80 /* UIKit */ = {
			isa = PBXGroup;
			children = (
				5A8BF00C26BFE56600C42C80 /* UIButton+Extension.swift */,
				5A8BEFD126BFD33800C42C80 /* UIColor+Extension.swift */,
				5A8BF00026BFDBAF00C42C80 /* UIEdgeInsets+Extension.swift */,
				5A8BF02A26BFF2E000C42C80 /* UIImage+Extension.swift */,
				5A8BF00226BFDC5300C42C80 /* UIView+Extension.swift */,
				5A8BF03B26C0090700C42C80 /* UIViewController+Alert.swift */,
				5A8BEFC626BFCDEB00C42C80 /* UIViewController+Extension.swift */,
				5A1E872526C4417C0056A830 /* UINavigationBar+Extension.swift */,
			);
			path = UIKit;
			sourceTree = "<group>";
		};
/* End PBXGroup section */

/* Begin PBXHeadersBuildPhase section */
		5A8BEFB326BFCD8B00C42C80 /* Headers */ = {
			isa = PBXHeadersBuildPhase;
			buildActionMask = 2147483647;
			files = (
				5A8BEFBD26BFCD8B00C42C80 /* UIKitExtension.h in Headers */,
			);
			runOnlyForDeploymentPostprocessing = 0;
		};
/* End PBXHeadersBuildPhase section */

/* Begin PBXNativeTarget section */
		5A8BEFB726BFCD8B00C42C80 /* UIKitExtension */ = {
			isa = PBXNativeTarget;
			buildConfigurationList = 5A8BEFC026BFCD8B00C42C80 /* Build configuration list for PBXNativeTarget "UIKitExtension" */;
			buildPhases = (
				5A8BEFB326BFCD8B00C42C80 /* Headers */,
				5A8BEFB426BFCD8B00C42C80 /* Sources */,
				5A8BEFB526BFCD8B00C42C80 /* Frameworks */,
				5A8BEFB626BFCD8B00C42C80 /* Resources */,
			);
			buildRules = (
			);
			dependencies = (
			);
			name = UIKitExtension;
			productName = UIKitExtension;
			productReference = 5A8BEFB826BFCD8B00C42C80 /* UIKitExtension.framework */;
			productType = "com.apple.product-type.framework";
		};
/* End PBXNativeTarget section */

/* Begin PBXProject section */
		5A8BEFAF26BFCD8B00C42C80 /* Project object */ = {
			isa = PBXProject;
			attributes = {
				LastUpgradeCheck = 1250;
				TargetAttributes = {
					5A8BEFB726BFCD8B00C42C80 = {
						CreatedOnToolsVersion = 12.5.1;
						LastSwiftMigration = 1250;
					};
				};
			};
			buildConfigurationList = 5A8BEFB226BFCD8B00C42C80 /* Build configuration list for PBXProject "UIKitExtension" */;
			compatibilityVersion = "Xcode 9.3";
			developmentRegion = en;
			hasScannedForEncodings = 0;
			knownRegions = (
				en,
				Base,
			);
			mainGroup = 5A8BEFAE26BFCD8B00C42C80;
			productRefGroup = 5A8BEFB926BFCD8B00C42C80 /* Products */;
			projectDirPath = "";
			projectRoot = "";
			targets = (
				5A8BEFB726BFCD8B00C42C80 /* UIKitExtension */,
			);
		};
/* End PBXProject section */

/* Begin PBXResourcesBuildPhase section */
		5A8BEFB626BFCD8B00C42C80 /* Resources */ = {
			isa = PBXResourcesBuildPhase;
			buildActionMask = 2147483647;
			files = (
			);
			runOnlyForDeploymentPostprocessing = 0;
		};
/* End PBXResourcesBuildPhase section */

/* Begin PBXSourcesBuildPhase section */
		5A8BEFB426BFCD8B00C42C80 /* Sources */ = {
			isa = PBXSourcesBuildPhase;
			buildActionMask = 2147483647;
			files = (
				5A8BF00126BFDBAF00C42C80 /* UIEdgeInsets+Extension.swift in Sources */,
				5A8BEFC726BFCDEB00C42C80 /* UIViewController+Extension.swift in Sources */,
				5A1E872626C4417D0056A830 /* UINavigationBar+Extension.swift in Sources */,
				5A8BF00B26BFE14300C42C80 /* IBTapGestureRecognizer.swift in Sources */,
				5A8BF02B26BFF2E100C42C80 /* UIImage+Extension.swift in Sources */,
				5A8BF00326BFDC5300C42C80 /* UIView+Extension.swift in Sources */,
				5A8BF03C26C0090700C42C80 /* UIViewController+Alert.swift in Sources */,
				5A8BF02626BFED9E00C42C80 /* IBDatePicker.swift in Sources */,
				5A8BF00F26BFE5F200C42C80 /* IBButton.swift in Sources */,
				5A8BEFD226BFD33800C42C80 /* UIColor+Extension.swift in Sources */,
				5A8BF00D26BFE56600C42C80 /* UIButton+Extension.swift in Sources */,
			);
			runOnlyForDeploymentPostprocessing = 0;
		};
/* End PBXSourcesBuildPhase section */

/* Begin XCBuildConfiguration section */
		5A8BEFBE26BFCD8B00C42C80 /* Debug */ = {
			isa = XCBuildConfiguration;
			buildSettings = {
				ALWAYS_SEARCH_USER_PATHS = NO;
				CLANG_ANALYZER_NONNULL = YES;
				CLANG_ANALYZER_NUMBER_OBJECT_CONVERSION = YES_AGGRESSIVE;
				CLANG_CXX_LANGUAGE_STANDARD = "gnu++14";
				CLANG_CXX_LIBRARY = "libc++";
				CLANG_ENABLE_MODULES = YES;
				CLANG_ENABLE_OBJC_ARC = YES;
				CLANG_ENABLE_OBJC_WEAK = YES;
				CLANG_WARN_BLOCK_CAPTURE_AUTORELEASING = YES;
				CLANG_WARN_BOOL_CONVERSION = YES;
				CLANG_WARN_COMMA = YES;
				CLANG_WARN_CONSTANT_CONVERSION = YES;
				CLANG_WARN_DEPRECATED_OBJC_IMPLEMENTATIONS = YES;
				CLANG_WARN_DIRECT_OBJC_ISA_USAGE = YES_ERROR;
				CLANG_WARN_DOCUMENTATION_COMMENTS = YES;
				CLANG_WARN_EMPTY_BODY = YES;
				CLANG_WARN_ENUM_CONVERSION = YES;
				CLANG_WARN_INFINITE_RECURSION = YES;
				CLANG_WARN_INT_CONVERSION = YES;
				CLANG_WARN_NON_LITERAL_NULL_CONVERSION = YES;
				CLANG_WARN_OBJC_IMPLICIT_RETAIN_SELF = YES;
				CLANG_WARN_OBJC_LITERAL_CONVERSION = YES;
				CLANG_WARN_OBJC_ROOT_CLASS = YES_ERROR;
				CLANG_WARN_QUOTED_INCLUDE_IN_FRAMEWORK_HEADER = YES;
				CLANG_WARN_RANGE_LOOP_ANALYSIS = YES;
				CLANG_WARN_STRICT_PROTOTYPES = YES;
				CLANG_WARN_SUSPICIOUS_MOVE = YES;
				CLANG_WARN_UNGUARDED_AVAILABILITY = YES_AGGRESSIVE;
				CLANG_WARN_UNREACHABLE_CODE = YES;
				CLANG_WARN__DUPLICATE_METHOD_MATCH = YES;
				COPY_PHASE_STRIP = NO;
				CURRENT_PROJECT_VERSION = 1;
				DEBUG_INFORMATION_FORMAT = dwarf;
				ENABLE_STRICT_OBJC_MSGSEND = YES;
				ENABLE_TESTABILITY = YES;
				GCC_C_LANGUAGE_STANDARD = gnu11;
				GCC_DYNAMIC_NO_PIC = NO;
				GCC_NO_COMMON_BLOCKS = YES;
				GCC_OPTIMIZATION_LEVEL = 0;
				GCC_PREPROCESSOR_DEFINITIONS = (
					"DEBUG=1",
					"$(inherited)",
				);
				GCC_WARN_64_TO_32_BIT_CONVERSION = YES;
				GCC_WARN_ABOUT_RETURN_TYPE = YES_ERROR;
				GCC_WARN_UNDECLARED_SELECTOR = YES;
				GCC_WARN_UNINITIALIZED_AUTOS = YES_AGGRESSIVE;
				GCC_WARN_UNUSED_FUNCTION = YES;
				GCC_WARN_UNUSED_VARIABLE = YES;
				IPHONEOS_DEPLOYMENT_TARGET = 14.5;
				MTL_ENABLE_DEBUG_INFO = INCLUDE_SOURCE;
				MTL_FAST_MATH = YES;
				ONLY_ACTIVE_ARCH = YES;
				SDKROOT = iphoneos;
				SWIFT_ACTIVE_COMPILATION_CONDITIONS = DEBUG;
				SWIFT_OPTIMIZATION_LEVEL = "-Onone";
				VERSIONING_SYSTEM = "apple-generic";
				VERSION_INFO_PREFIX = "";
			};
			name = Debug;
		};
		5A8BEFBF26BFCD8B00C42C80 /* Release */ = {
			isa = XCBuildConfiguration;
			buildSettings = {
				ALWAYS_SEARCH_USER_PATHS = NO;
				CLANG_ANALYZER_NONNULL = YES;
				CLANG_ANALYZER_NUMBER_OBJECT_CONVERSION = YES_AGGRESSIVE;
				CLANG_CXX_LANGUAGE_STANDARD = "gnu++14";
				CLANG_CXX_LIBRARY = "libc++";
				CLANG_ENABLE_MODULES = YES;
				CLANG_ENABLE_OBJC_ARC = YES;
				CLANG_ENABLE_OBJC_WEAK = YES;
				CLANG_WARN_BLOCK_CAPTURE_AUTORELEASING = YES;
				CLANG_WARN_BOOL_CONVERSION = YES;
				CLANG_WARN_COMMA = YES;
				CLANG_WARN_CONSTANT_CONVERSION = YES;
				CLANG_WARN_DEPRECATED_OBJC_IMPLEMENTATIONS = YES;
				CLANG_WARN_DIRECT_OBJC_ISA_USAGE = YES_ERROR;
				CLANG_WARN_DOCUMENTATION_COMMENTS = YES;
				CLANG_WARN_EMPTY_BODY = YES;
				CLANG_WARN_ENUM_CONVERSION = YES;
				CLANG_WARN_INFINITE_RECURSION = YES;
				CLANG_WARN_INT_CONVERSION = YES;
				CLANG_WARN_NON_LITERAL_NULL_CONVERSION = YES;
				CLANG_WARN_OBJC_IMPLICIT_RETAIN_SELF = YES;
				CLANG_WARN_OBJC_LITERAL_CONVERSION = YES;
				CLANG_WARN_OBJC_ROOT_CLASS = YES_ERROR;
				CLANG_WARN_QUOTED_INCLUDE_IN_FRAMEWORK_HEADER = YES;
				CLANG_WARN_RANGE_LOOP_ANALYSIS = YES;
				CLANG_WARN_STRICT_PROTOTYPES = YES;
				CLANG_WARN_SUSPICIOUS_MOVE = YES;
				CLANG_WARN_UNGUARDED_AVAILABILITY = YES_AGGRESSIVE;
				CLANG_WARN_UNREACHABLE_CODE = YES;
				CLANG_WARN__DUPLICATE_METHOD_MATCH = YES;
				COPY_PHASE_STRIP = NO;
				CURRENT_PROJECT_VERSION = 1;
				DEBUG_INFORMATION_FORMAT = "dwarf-with-dsym";
				ENABLE_NS_ASSERTIONS = NO;
				ENABLE_STRICT_OBJC_MSGSEND = YES;
				GCC_C_LANGUAGE_STANDARD = gnu11;
				GCC_NO_COMMON_BLOCKS = YES;
				GCC_WARN_64_TO_32_BIT_CONVERSION = YES;
				GCC_WARN_ABOUT_RETURN_TYPE = YES_ERROR;
				GCC_WARN_UNDECLARED_SELECTOR = YES;
				GCC_WARN_UNINITIALIZED_AUTOS = YES_AGGRESSIVE;
				GCC_WARN_UNUSED_FUNCTION = YES;
				GCC_WARN_UNUSED_VARIABLE = YES;
				IPHONEOS_DEPLOYMENT_TARGET = 14.5;
				MTL_ENABLE_DEBUG_INFO = NO;
				MTL_FAST_MATH = YES;
				SDKROOT = iphoneos;
				SWIFT_COMPILATION_MODE = wholemodule;
				SWIFT_OPTIMIZATION_LEVEL = "-O";
				VALIDATE_PRODUCT = YES;
				VERSIONING_SYSTEM = "apple-generic";
				VERSION_INFO_PREFIX = "";
			};
			name = Release;
		};
		5A8BEFC126BFCD8B00C42C80 /* Debug */ = {
			isa = XCBuildConfiguration;
			buildSettings = {
				CLANG_ENABLE_MODULES = YES;
				CODE_SIGN_STYLE = Automatic;
				DEFINES_MODULE = YES;
				DEVELOPMENT_TEAM = QN4ZAR6A43;
				DYLIB_COMPATIBILITY_VERSION = 1;
				DYLIB_CURRENT_VERSION = 1;
				DYLIB_INSTALL_NAME_BASE = "@rpath";
				INFOPLIST_FILE = UIKitExtension/Info.plist;
				INSTALL_PATH = "$(LOCAL_LIBRARY_DIR)/Frameworks";
				IPHONEOS_DEPLOYMENT_TARGET = 11.0;
				LD_RUNPATH_SEARCH_PATHS = (
					"$(inherited)",
					"@executable_path/Frameworks",
					"@loader_path/Frameworks",
				);
				PRODUCT_BUNDLE_IDENTIFIER = "iosdeveloper-232362.UIKitExtension";
				PRODUCT_NAME = "$(TARGET_NAME:c99extidentifier)";
				SKIP_INSTALL = YES;
				SUPPORTS_MACCATALYST = NO;
				SWIFT_OPTIMIZATION_LEVEL = "-Onone";
				SWIFT_VERSION = 5.0;
				TARGETED_DEVICE_FAMILY = "1,2";
			};
			name = Debug;
		};
		5A8BEFC226BFCD8B00C42C80 /* Release */ = {
			isa = XCBuildConfiguration;
			buildSettings = {
				CLANG_ENABLE_MODULES = YES;
				CODE_SIGN_STYLE = Automatic;
				DEFINES_MODULE = YES;
				DEVELOPMENT_TEAM = QN4ZAR6A43;
				DYLIB_COMPATIBILITY_VERSION = 1;
				DYLIB_CURRENT_VERSION = 1;
				DYLIB_INSTALL_NAME_BASE = "@rpath";
				INFOPLIST_FILE = UIKitExtension/Info.plist;
				INSTALL_PATH = "$(LOCAL_LIBRARY_DIR)/Frameworks";
				IPHONEOS_DEPLOYMENT_TARGET = 11.0;
				LD_RUNPATH_SEARCH_PATHS = (
					"$(inherited)",
					"@executable_path/Frameworks",
					"@loader_path/Frameworks",
				);
				PRODUCT_BUNDLE_IDENTIFIER = "iosdeveloper-232362.UIKitExtension";
				PRODUCT_NAME = "$(TARGET_NAME:c99extidentifier)";
				SKIP_INSTALL = YES;
				SUPPORTS_MACCATALYST = NO;
				SWIFT_VERSION = 5.0;
				TARGETED_DEVICE_FAMILY = "1,2";
			};
			name = Release;
		};
/* End XCBuildConfiguration section */

/* Begin XCConfigurationList section */
		5A8BEFB226BFCD8B00C42C80 /* Build configuration list for PBXProject "UIKitExtension" */ = {
			isa = XCConfigurationList;
			buildConfigurations = (
				5A8BEFBE26BFCD8B00C42C80 /* Debug */,
				5A8BEFBF26BFCD8B00C42C80 /* Release */,
			);
			defaultConfigurationIsVisible = 0;
			defaultConfigurationName = Release;
		};
		5A8BEFC026BFCD8B00C42C80 /* Build configuration list for PBXNativeTarget "UIKitExtension" */ = {
			isa = XCConfigurationList;
			buildConfigurations = (
				5A8BEFC126BFCD8B00C42C80 /* Debug */,
				5A8BEFC226BFCD8B00C42C80 /* Release */,
			);
			defaultConfigurationIsVisible = 0;
			defaultConfigurationName = Release;
		};
/* End XCConfigurationList section */
	};
	rootObject = 5A8BEFAF26BFCD8B00C42C80 /* Project object */;
}
